{
  "name": "goleo-monorepo",
  "lockfileVersion": 3,
  "requires": true,
  "packages": {
    "": {
      "name": "goleo-monorepo",
      "workspaces": [
        "bridge",
        "cli/npm"
      ]
    },
    "bridge": {
      "name": "@goleo/bridge",
      "version": "0.2.3",
      "license": "MIT",
      "devDependencies": {
        "typescript": "^5.3.0"
      },
      "engines": {
        "node": ">=18"
      }
    },
    "cli/npm": {
      "name": "@goleo/cli",
      "version": "0.2.3",
      "license": "MIT",
      "bin": {
        "goleo": "bin/goleo.js"
      },
      "engines": {
        "node": ">=18"
      },
      "optionalDependencies": {
        "@goleo/cli-darwin-arm64": "0.2.2",
        "@goleo/cli-darwin-x64": "0.2.2",
        "@goleo/cli-linux-arm64": "0.2.2",
        "@goleo/cli-linux-x64": "0.2.2",
        "@goleo/cli-win32-arm64": "0.2.2",
        "@goleo/cli-win32-x64": "0.2.2"
      }
    },
    "node_modules/@goleo/bridge": {
      "resolved": "bridge",
      "link": true
    },
    "node_modules/@goleo/cli": {
      "resolved": "cli/npm",
      "link": true
    },
    "node_modules/@goleo/cli-darwin-arm64": {
      "version": "0.2.2",
      "resolved": "https://registry.npmjs.org/@goleo/cli-darwin-arm64/-/cli-darwin-arm64-0.2.2.tgz",
      "integrity": "sha512-pAynjhRUbZwREqPYulIVbQyP/nO7AHtHuwJebq6Kwjm5+W9XBeS3hS1CY0MZB1jhfvbgNW6rjDxHW3FY5I7cSA==",
      "cpu": [
        "arm64"
      ],
      "license": "MIT",
      "optional": true,
      "os": [
        "darwin"
      ]
    },
    "node_modules/@goleo/cli-darwin-x64": {
      "version": "0.2.2",
      "resolved": "https://registry.npmjs.org/@goleo/cli-darwin-x64/-/cli-darwin-x64-0.2.2.tgz",
      "integrity": "sha512-uDYXCvSdzqcSKY6LZC3BuXZrLLSbunzV31vs6TYEhe53Oeux1lJr5yemyy8h5e5aMxwBvFlsg5K7M/foYlq/TQ==",
      "cpu": [
        "x64"
      ],
      "license": "MIT",
      "optional": true,
      "os": [
        "darwin"
      ]
    },
    "node_modules/@goleo/cli-linux-arm64": {
      "version": "0.2.2",
      "resolved": "https://registry.npmjs.org/@goleo/cli-linux-arm64/-/cli-linux-arm64-0.2.2.tgz",
      "integrity": "sha512-C3Kd5x82B1od9pTkGIfeT1ei5QeCMp6O1Us3cS1pBpxHE1H4C5C6AS0347SQc8pr/eCuaUr+IYi3Yg0vdYrTsQ==",
      "cpu": [
        "arm64"
      ],
      "license": "MIT",
      "optional": true,
      "os": [
        "linux"
      ]
    },
    "node_modules/@goleo/cli-linux-x64": {
      "version": "0.2.2",
      "resolved": "https://registry.npmjs.org/@goleo/cli-linux-x64/-/cli-linux-x64-0.2.2.tgz",
      "integrity": "sha512-8EsVExUQVfb6aCsazAnFZvJ017h3MvI4WgyVNo2YDXg2gv+M+vukLseWJWWdwGs5lfnOTCw6oWSakjobX+ldKg==",
      "cpu": [
        "x64"
      ],
      "license": "MIT",
      "optional": true,
      "os": [
        "linux"
      ]
    },
    "node_modules/@goleo/cli-win32-arm64": {
      "version": "0.2.2",
      "resolved": "https://registry.npmjs.org/@goleo/cli-win32-arm64/-/cli-win32-arm64-0.2.2.tgz",
      "integrity": "sha512-uJ311sjlvMdotSXXSReS0iRELIWtE3Tv+Y3kAgKOxei1wMcfng1lnpSPu58/JaEHX75a3MK4EaNLgVFhE5sF8w==",
      "cpu": [
        "arm64"
      ],
      "license": "MIT",
      "optional": true,
      "os": [
        "win32"
      ]
    },
    "node_modules/@goleo/cli-win32-x64": {
      "version": "0.2.2",
      "resolved": "https://registry.npmjs.org/@goleo/cli-win32-x64/-/cli-win32-x64-0.2.2.tgz",
      "integrity": "sha512-Ax/Jn4zinZKyOSpSSaVcYC7Oy2Nx+BLetCKOqDXAjOo2iM0DUJ+moMje39kKrOkVq04DUj5pVrFzkO2VvltwTg==",
      "cpu": [
        "x64"
      ],
      "license": "MIT",
      "optional": true,
      "os": [
        "win32"
      ]
    },
    "node_modules/typescript": {
      "version": "5.9.3",
      "resolved": "https://registry.npmjs.org/typescript/-/typescript-5.9.3.tgz",
      "integrity": "sha512-jl1vZzPDinLr9eUt3J/t7V6FgNEw9QjvBPdysz9KfQDD41fQrC2Y4vKQdiaUpFT4bXlb1RHhLpp8wtm6M5TgSw==",
      "dev": true,
      "license": "Apache-2.0",
      "bin": {
        "tsc": "bin/tsc",
        "tsserver": "bin/tsserver"
      },
      "engines": {
        "node": ">=14.17"
      }
    }
  }
}
