{
  "name": "goleo-monorepo",
  "lockfileVersion": 3,
  "requires": true,
  "packages": {
    "": {
      "name": "goleo-monorepo",
      "workspaces": [
        "bridge",
        "cli/npm"
      ]
    },
    "bridge": {
      "name": "@goleo/bridge",
      "version": "0.8.7",
      "license": "MIT",
      "devDependencies": {
        "typescript": "^5.3.0"
      },
      "engines": {
        "node": ">=18"
      }
    },
    "cli/npm": {
      "name": "@goleo/cli",
      "version": "0.8.7",
      "license": "MIT",
      "bin": {
        "goleo": "bin/goleo.js"
      },
      "engines": {
        "node": ">=18"
      },
      "optionalDependencies": {
        "@goleo/cli-darwin-arm64": "0.8.7",
        "@goleo/cli-darwin-x64": "0.8.7",
        "@goleo/cli-linux-arm64": "0.8.7",
        "@goleo/cli-linux-x64": "0.8.7",
        "@goleo/cli-win32-arm64": "0.8.7",
        "@goleo/cli-win32-x64": "0.8.7"
      }
    },
    "node_modules/@goleo/bridge": {
      "resolved": "bridge",
      "link": true
    },
    "node_modules/@goleo/cli": {
      "resolved": "cli/npm",
      "link": true
    },
    "node_modules/@goleo/cli-darwin-arm64": {
      "version": "0.8.7",
      "resolved": "https://registry.npmjs.org/@goleo/cli-darwin-arm64/-/cli-darwin-arm64-0.8.7.tgz",
      "integrity": "sha512-vPN2+dc0TtesAfP4EL0U3GSowYdnvgIEcimsrP3gIiiQcHg69lpRR2PAS8PMJTcpa2mY7O1+F/5q+HY3BstXEw==",
      "cpu": [
        "arm64"
      ],
      "license": "MIT",
      "optional": true,
      "os": [
        "darwin"
      ]
    },
    "node_modules/@goleo/cli-darwin-x64": {
      "version": "0.8.7",
      "resolved": "https://registry.npmjs.org/@goleo/cli-darwin-x64/-/cli-darwin-x64-0.8.7.tgz",
      "integrity": "sha512-BbYyIikDW6DU9EcrdxeEW2OQOlKWGyxhB6eSjk0rAJ8rM5dVnzbCf/ohHwc+eW5RHA167doUwICSMhWC8HVl1w==",
      "cpu": [
        "x64"
      ],
      "license": "MIT",
      "optional": true,
      "os": [
        "darwin"
      ]
    },
    "node_modules/@goleo/cli-linux-arm64": {
      "version": "0.8.7",
      "resolved": "https://registry.npmjs.org/@goleo/cli-linux-arm64/-/cli-linux-arm64-0.8.7.tgz",
      "integrity": "sha512-wjoApEf//sqbVPn9EIn9DLWjbyTtDdjbMQjPBciSmFX0gzBk5UJ7QCYZqS7dbCg7nJkQ8xM0fYK/K1Amv199Sg==",
      "cpu": [
        "arm64"
      ],
      "license": "MIT",
      "optional": true,
      "os": [
        "linux"
      ]
    },
    "node_modules/@goleo/cli-linux-x64": {
      "version": "0.8.7",
      "resolved": "https://registry.npmjs.org/@goleo/cli-linux-x64/-/cli-linux-x64-0.8.7.tgz",
      "integrity": "sha512-EN6y53tEYX0G6B6HbtGRBeyBf5ZJyKBhLftSTDK7frA63ESkEQo9+vGp6doQenjLNUlqvx1HrXby9hpAFAuQwg==",
      "cpu": [
        "x64"
      ],
      "license": "MIT",
      "optional": true,
      "os": [
        "linux"
      ]
    },
    "node_modules/@goleo/cli-win32-arm64": {
      "version": "0.8.7",
      "resolved": "https://registry.npmjs.org/@goleo/cli-win32-arm64/-/cli-win32-arm64-0.8.7.tgz",
      "integrity": "sha512-XWNG9u+cWS7kSgWMZGEHlTXVFheF6YqvLsk/a+xIYIfGwkqOf6Vy22+EKP0d0BdZtZy96PFjuOVfiZWlJhbvjg==",
      "cpu": [
        "arm64"
      ],
      "license": "MIT",
      "optional": true,
      "os": [
        "win32"
      ]
    },
    "node_modules/@goleo/cli-win32-x64": {
      "version": "0.8.7",
      "resolved": "https://registry.npmjs.org/@goleo/cli-win32-x64/-/cli-win32-x64-0.8.7.tgz",
      "integrity": "sha512-WInxeIBrx807vi98mSfTXMLNrh77senlA/qQK3bDIXzHej6PTvxGXVnuo3DEpDmmvJVcLKQ7aCIJw9Bnhxm9Qw==",
      "cpu": [
        "x64"
      ],
      "license": "MIT",
      "optional": true,
      "os": [
        "win32"
      ]
    },
    "node_modules/typescript": {
      "version": "5.9.3",
      "resolved": "https://registry.npmjs.org/typescript/-/typescript-5.9.3.tgz",
      "integrity": "sha512-jl1vZzPDinLr9eUt3J/t7V6FgNEw9QjvBPdysz9KfQDD41fQrC2Y4vKQdiaUpFT4bXlb1RHhLpp8wtm6M5TgSw==",
      "dev": true,
      "license": "Apache-2.0",
      "bin": {
        "tsc": "bin/tsc",
        "tsserver": "bin/tsserver"
      },
      "engines": {
        "node": ">=14.17"
      }
    }
  }
}
