{
  "name": "goleo-monorepo",
  "lockfileVersion": 3,
  "requires": true,
  "packages": {
    "": {
      "name": "goleo-monorepo",
      "workspaces": [
        "bridge",
        "cli/npm"
      ]
    },
    "bridge": {
      "name": "@goleo/bridge",
      "version": "0.2.5",
      "license": "MIT",
      "devDependencies": {
        "typescript": "^5.3.0"
      },
      "engines": {
        "node": ">=18"
      }
    },
    "cli/npm": {
      "name": "@goleo/cli",
      "version": "0.2.5",
      "license": "MIT",
      "bin": {
        "goleo": "bin/goleo.js"
      },
      "engines": {
        "node": ">=18"
      },
      "optionalDependencies": {
        "@goleo/cli-darwin-arm64": "0.2.4",
        "@goleo/cli-darwin-x64": "0.2.4",
        "@goleo/cli-linux-arm64": "0.2.4",
        "@goleo/cli-linux-x64": "0.2.4",
        "@goleo/cli-win32-arm64": "0.2.4",
        "@goleo/cli-win32-x64": "0.2.4"
      }
    },
    "node_modules/@goleo/bridge": {
      "resolved": "bridge",
      "link": true
    },
    "node_modules/@goleo/cli": {
      "resolved": "cli/npm",
      "link": true
    },
    "node_modules/@goleo/cli-darwin-arm64": {
      "version": "0.2.4",
      "resolved": "https://registry.npmjs.org/@goleo/cli-darwin-arm64/-/cli-darwin-arm64-0.2.4.tgz",
      "integrity": "sha512-e0fvQ3QAqCUpuIE2n+kd6TZQ7we82Br7rumabzapue0GUTE8MT0dIgK2xsPJS61d0vpki8TzZq5fO+0xVQdm4Q==",
      "cpu": [
        "arm64"
      ],
      "license": "MIT",
      "optional": true,
      "os": [
        "darwin"
      ]
    },
    "node_modules/@goleo/cli-darwin-x64": {
      "version": "0.2.4",
      "resolved": "https://registry.npmjs.org/@goleo/cli-darwin-x64/-/cli-darwin-x64-0.2.4.tgz",
      "integrity": "sha512-IrOoC/tfpfY7+KrP6ujbbooxFvUmdaUsZt7HAjlCszbHm15lZ4ZLImdPDlvyzN6yp3pFuLW6NU9aeqdKhYlk7Q==",
      "cpu": [
        "x64"
      ],
      "license": "MIT",
      "optional": true,
      "os": [
        "darwin"
      ]
    },
    "node_modules/@goleo/cli-linux-arm64": {
      "version": "0.2.4",
      "resolved": "https://registry.npmjs.org/@goleo/cli-linux-arm64/-/cli-linux-arm64-0.2.4.tgz",
      "integrity": "sha512-+SWrqq2RiDTkp4YJp452UdAh8tbt8v6u+nlFWiiVdHOwPxWFjUkGWmripJQkMHczmWm3+3fzjYaBzc2VWWTZXQ==",
      "cpu": [
        "arm64"
      ],
      "license": "MIT",
      "optional": true,
      "os": [
        "linux"
      ]
    },
    "node_modules/@goleo/cli-linux-x64": {
      "version": "0.2.4",
      "resolved": "https://registry.npmjs.org/@goleo/cli-linux-x64/-/cli-linux-x64-0.2.4.tgz",
      "integrity": "sha512-YyZZPurGQB7vOZEWdfRS7uP3xqeOgbV3C3Wi/eCqgyviJvj5ROq4Yd/fcSOdPIAGI/FMubMwLLHVcp4ABLkH/A==",
      "cpu": [
        "x64"
      ],
      "license": "MIT",
      "optional": true,
      "os": [
        "linux"
      ]
    },
    "node_modules/@goleo/cli-win32-arm64": {
      "version": "0.2.4",
      "resolved": "https://registry.npmjs.org/@goleo/cli-win32-arm64/-/cli-win32-arm64-0.2.4.tgz",
      "integrity": "sha512-Jg1HvmsrkZgVLx3PzWVzZ8tAXrz2IsarUCYt1/AXXj/g/74UPD9TAEPIM8G6me8JfnWjTIobCk/BkHAY5+wPfA==",
      "cpu": [
        "arm64"
      ],
      "license": "MIT",
      "optional": true,
      "os": [
        "win32"
      ]
    },
    "node_modules/@goleo/cli-win32-x64": {
      "version": "0.2.4",
      "resolved": "https://registry.npmjs.org/@goleo/cli-win32-x64/-/cli-win32-x64-0.2.4.tgz",
      "integrity": "sha512-JVcBpwbLuZl7J+Gr4Nkb+U4jMxMm9IyvaxKKlWNaRQqdkwPUjgpSRcrCJczz3bbrvzFJ7xcwk3qYeL1t5iwYfw==",
      "cpu": [
        "x64"
      ],
      "license": "MIT",
      "optional": true,
      "os": [
        "win32"
      ]
    },
    "node_modules/typescript": {
      "version": "5.9.3",
      "resolved": "https://registry.npmjs.org/typescript/-/typescript-5.9.3.tgz",
      "integrity": "sha512-jl1vZzPDinLr9eUt3J/t7V6FgNEw9QjvBPdysz9KfQDD41fQrC2Y4vKQdiaUpFT4bXlb1RHhLpp8wtm6M5TgSw==",
      "dev": true,
      "license": "Apache-2.0",
      "bin": {
        "tsc": "bin/tsc",
        "tsserver": "bin/tsserver"
      },
      "engines": {
        "node": ">=14.17"
      }
    }
  }
}
