github.com/daforester/glaze v0.0.32-goleo.3 h1:PuTl2pRQDrmdeDNbIcbZtnLHzo33ikTbdVL2ujrp+uA=
github.com/daforester/glaze v0.0.32-goleo.3/go.mod h1:dtUhTJvEKlsToN6b/o+Vpao1QpgEbBO5Npi1O9/bdI0=
github.com/ebitengine/purego v0.10.1 h1:dewVBCBT2GaMu1SrNTYxQhgQBethzfhiwvZiLGP/qyY=
github.com/ebitengine/purego v0.10.1/go.mod h1:iIjxzd6CiRiOG0UyXP+V1+jWqUXVjPKLAI0mRfJZTmQ=
