github.com/crgimenes/glaze v0.0.31 h1:c1Qq+UtAuWS3r74CW+2N088rlSdKW0CIFWIqemWbUWU=
github.com/crgimenes/glaze v0.0.31/go.mod h1:vlN6LA8BiiUrJL9T/Q4dVGKlGnYX/kAnvdUZq8u0DBU=
github.com/ebitengine/purego v0.10.1 h1:dewVBCBT2GaMu1SrNTYxQhgQBethzfhiwvZiLGP/qyY=
github.com/ebitengine/purego v0.10.1/go.mod h1:iIjxzd6CiRiOG0UyXP+V1+jWqUXVjPKLAI0mRfJZTmQ=
